// !$*UTF8*$!
{
	archiveVersion = 1;
	classes = {
	};
	objectVersion = 46;
	objects = {

/* Begin PBXBuildFile section */
		00E356F31AD99517003FC87E /* RNTesseractOCRTests.m in Sources */ = {isa = PBXBuildFile; fileRef = 00E356F21AD99517003FC87E /* RNTesseractOCRTests.m */; };
		13B07FBC1A68108700A75B9A /* AppDelegate.m in Sources */ = {isa = PBXBuildFile; fileRef = 13B07FB01A68108700A75B9A /* AppDelegate.m */; };
		13B07FBD1A68108700A75B9A /* LaunchScreen.xib in Resources */ = {isa = PBXBuildFile; fileRef = 13B07FB11A68108700A75B9A /* LaunchScreen.xib */; };
		13B07FBF1A68108700A75B9A /* Images.xcassets in Resources */ = {isa = PBXBuildFile; fileRef = 13B07FB51A68108700A75B9A /* Images.xcassets */; };
		13B07FC11A68108700A75B9A /* main.m in Sources */ = {isa = PBXBuildFile; fileRef = 13B07FB71A68108700A75B9A /* main.m */; };
		16BB205BF086BCA3BD336A56 /* libPods.a in Frameworks */ = {isa = PBXBuildFile; fileRef = 86930004EA2D7EF52F3950C2 /* libPods.a */; };
		741B33331CBD507E00856AD4 /* tessdata in Resources */ = {isa = PBXBuildFile; fileRef = 741B33321CBD507E00856AD4 /* tessdata */; };
		741D46DD1CBD96F700F69AB8 /* image_sample.jpg in Resources */ = {isa = PBXBuildFile; fileRef = 741D46DC1CBD96F700F69AB8 /* image_sample.jpg */; };
		741D46DF1CBD980600F69AB8 /* image_sample.png in Resources */ = {isa = PBXBuildFile; fileRef = 741D46DE1CBD980600F69AB8 /* image_sample.png */; };
		741D46E11CBD98F700F69AB8 /* image_sample.png in Resources */ = {isa = PBXBuildFile; fileRef = 741D46E01CBD98F700F69AB8 /* image_sample.png */; };
		74808F4B1CBD4F0E00AA8D7C /* libz.1.dylib in Frameworks */ = {isa = PBXBuildFile; fileRef = 74808F491CBD4EF800AA8D7C /* libz.1.dylib */; };
		74F706381CBD5F4400D973DF /* RNTesseractOCR.app in Frameworks */ = {isa = PBXBuildFile; fileRef = 13B07F961A680F5B00A75B9A /* RNTesseractOCR.app */; };
		74F706401CBD5F6D00D973DF /* libPods-RNTesseractOCR.a in Frameworks */ = {isa = PBXBuildFile; fileRef = 74F7063A1CBD5F6D00D973DF /* libPods-RNTesseractOCR.a */; };
		74F706411CBD5F6D00D973DF /* libPods-RNTesseractOCRTests.a in Frameworks */ = {isa = PBXBuildFile; fileRef = 74F7063B1CBD5F6D00D973DF /* libPods-RNTesseractOCRTests.a */; };
		74F706421CBD5F6D00D973DF /* libReact.a in Frameworks */ = {isa = PBXBuildFile; fileRef = 74F7063C1CBD5F6D00D973DF /* libReact.a */; };
		74F706431CBD5F6D00D973DF /* libreact-native-tesseract-ocr.a in Frameworks */ = {isa = PBXBuildFile; fileRef = 74F7063D1CBD5F6D00D973DF /* libreact-native-tesseract-ocr.a */; };
		74F706441CBD5F6D00D973DF /* libTesseractOCRiOS.a in Frameworks */ = {isa = PBXBuildFile; fileRef = 74F7063E1CBD5F6D00D973DF /* libTesseractOCRiOS.a */; };
/* End PBXBuildFile section */

/* Begin PBXContainerItemProxy section */
		00E356F41AD99517003FC87E /* PBXContainerItemProxy */ = {
			isa = PBXContainerItemProxy;
			containerPortal = 83CBB9F71A601CBA00E9B192 /* Project object */;
			proxyType = 1;
			remoteGlobalIDString = 13B07F861A680F5B00A75B9A;
			remoteInfo = RNTesseractOCR;
		};
/* End PBXContainerItemProxy section */

/* Begin PBXFileReference section */
		008F07F21AC5B25A0029DE68 /* main.jsbundle */ = {isa = PBXFileReference; fileEncoding = 4; lastKnownFileType = text; path = main.jsbundle; sourceTree = "<group>"; };
		00E356EE1AD99517003FC87E /* RNTesseractOCRTests.xctest */ = {isa = PBXFileReference; explicitFileType = wrapper.cfbundle; includeInIndex = 0; path = RNTesseractOCRTests.xctest; sourceTree = BUILT_PRODUCTS_DIR; };
		00E356F11AD99517003FC87E /* Info.plist */ = {isa = PBXFileReference; lastKnownFileType = text.plist.xml; path = Info.plist; sourceTree = "<group>"; };
		00E356F21AD99517003FC87E /* RNTesseractOCRTests.m */ = {isa = PBXFileReference; lastKnownFileType = sourcecode.c.objc; path = RNTesseractOCRTests.m; sourceTree = "<group>"; };
		13B07F961A680F5B00A75B9A /* RNTesseractOCR.app */ = {isa = PBXFileReference; explicitFileType = wrapper.application; includeInIndex = 0; path = RNTesseractOCR.app; sourceTree = BUILT_PRODUCTS_DIR; };
		13B07FAF1A68108700A75B9A /* AppDelegate.h */ = {isa = PBXFileReference; fileEncoding = 4; lastKnownFileType = sourcecode.c.h; name = AppDelegate.h; path = RNTesseractOCR/AppDelegate.h; sourceTree = "<group>"; };
		13B07FB01A68108700A75B9A /* AppDelegate.m */ = {isa = PBXFileReference; fileEncoding = 4; lastKnownFileType = sourcecode.c.objc; name = AppDelegate.m; path = RNTesseractOCR/AppDelegate.m; sourceTree = "<group>"; };
		13B07FB21A68108700A75B9A /* Base */ = {isa = PBXFileReference; lastKnownFileType = file.xib; name = Base; path = Base.lproj/LaunchScreen.xib; sourceTree = "<group>"; };
		13B07FB51A68108700A75B9A /* Images.xcassets */ = {isa = PBXFileReference; lastKnownFileType = folder.assetcatalog; name = Images.xcassets; path = RNTesseractOCR/Images.xcassets; sourceTree = "<group>"; };
		13B07FB61A68108700A75B9A /* Info.plist */ = {isa = PBXFileReference; fileEncoding = 4; lastKnownFileType = text.plist.xml; name = Info.plist; path = RNTesseractOCR/Info.plist; sourceTree = "<group>"; };
		13B07FB71A68108700A75B9A /* main.m */ = {isa = PBXFileReference; fileEncoding = 4; lastKnownFileType = sourcecode.c.objc; name = main.m; path = RNTesseractOCR/main.m; sourceTree = "<group>"; };
		2CFB21B1EBFDBD33965B4332 /* Pods.release.xcconfig */ = {isa = PBXFileReference; includeInIndex = 1; lastKnownFileType = text.xcconfig; name = Pods.release.xcconfig; path = "Pods/Target Support Files/Pods/Pods.release.xcconfig"; sourceTree = "<group>"; };
		57BE0C7437531C7805FD9DA2 /* Pods.debug.xcconfig */ = {isa = PBXFileReference; includeInIndex = 1; lastKnownFileType = text.xcconfig; name = Pods.debug.xcconfig; path = "Pods/Target Support Files/Pods/Pods.debug.xcconfig"; sourceTree = "<group>"; };
		741B33321CBD507E00856AD4 /* tessdata */ = {isa = PBXFileReference; lastKnownFileType = folder; name = tessdata; path = RNTesseractOCR/tessdata; sourceTree = "<group>"; };
		741D46DC1CBD96F700F69AB8 /* image_sample.jpg */ = {isa = PBXFileReference; lastKnownFileType = image.jpeg; name = image_sample.jpg; path = RNTesseractOCR/image_sample.jpg; sourceTree = "<group>"; };
		741D46DE1CBD980600F69AB8 /* image_sample.png */ = {isa = PBXFileReference; lastKnownFileType = image.png; name = image_sample.png; path = RNTesseractOCR/image_sample.png; sourceTree = "<group>"; };
		741D46E01CBD98F700F69AB8 /* image_sample.png */ = {isa = PBXFileReference; lastKnownFileType = image.png; name = image_sample.png; path = RNTesseractOCR/image_sample.png; sourceTree = "<group>"; };
		74808F491CBD4EF800AA8D7C /* libz.1.dylib */ = {isa = PBXFileReference; lastKnownFileType = "compiled.mach-o.dylib"; name = libz.1.dylib; path = ../../../../../usr/lib/libz.1.dylib; sourceTree = "<group>"; };
		74F706391CBD5F6D00D973DF /* libPods.a */ = {isa = PBXFileReference; lastKnownFileType = archive.ar; name = libPods.a; path = "Pods/../build/Debug-iphoneos/libPods.a"; sourceTree = "<group>"; };
		74F7063A1CBD5F6D00D973DF /* libPods-RNTesseractOCR.a */ = {isa = PBXFileReference; lastKnownFileType = archive.ar; name = "libPods-RNTesseractOCR.a"; path = "Pods/../build/Debug-iphoneos/libPods-RNTesseractOCR.a"; sourceTree = "<group>"; };
		74F7063B1CBD5F6D00D973DF /* libPods-RNTesseractOCRTests.a */ = {isa = PBXFileReference; lastKnownFileType = archive.ar; name = "libPods-RNTesseractOCRTests.a"; path = "Pods/../build/Debug-iphoneos/libPods-RNTesseractOCRTests.a"; sourceTree = "<group>"; };
		74F7063C1CBD5F6D00D973DF /* libReact.a */ = {isa = PBXFileReference; lastKnownFileType = archive.ar; name = libReact.a; path = "Pods/../build/Debug-iphoneos/libReact.a"; sourceTree = "<group>"; };
		74F7063D1CBD5F6D00D973DF /* libreact-native-tesseract-ocr.a */ = {isa = PBXFileReference; lastKnownFileType = archive.ar; name = "libreact-native-tesseract-ocr.a"; path = "Pods/../build/Debug-iphoneos/libreact-native-tesseract-ocr.a"; sourceTree = "<group>"; };
		74F7063E1CBD5F6D00D973DF /* libTesseractOCRiOS.a */ = {isa = PBXFileReference; lastKnownFileType = archive.ar; name = libTesseractOCRiOS.a; path = "Pods/../build/Debug-iphoneos/libTesseractOCRiOS.a"; sourceTree = "<group>"; };
		86930004EA2D7EF52F3950C2 /* libPods.a */ = {isa = PBXFileReference; explicitFileType = archive.ar; includeInIndex = 0; path = libPods.a; sourceTree = BUILT_PRODUCTS_DIR; };
/* End PBXFileReference section */

/* Begin PBXFrameworksBuildPhase section */
		00E356EB1AD99517003FC87E /* Frameworks */ = {
			isa = PBXFrameworksBuildPhase;
			buildActionMask = 2147483647;
			files = (
			);
			runOnlyForDeploymentPostprocessing = 0;
		};
		13B07F8C1A680F5B00A75B9A /* Frameworks */ = {
			isa = PBXFrameworksBuildPhase;
			buildActionMask = 2147483647;
			files = (
				74808F4B1CBD4F0E00AA8D7C /* libz.1.dylib in Frameworks */,
				16BB205BF086BCA3BD336A56 /* libPods.a in Frameworks */,
				74F706381CBD5F4400D973DF /* RNTesseractOCR.app in Frameworks */,
				74F706401CBD5F6D00D973DF /* libPods-RNTesseractOCR.a in Frameworks */,
				74F706411CBD5F6D00D973DF /* libPods-RNTesseractOCRTests.a in Frameworks */,
				74F706421CBD5F6D00D973DF /* libReact.a in Frameworks */,
				74F706431CBD5F6D00D973DF /* libreact-native-tesseract-ocr.a in Frameworks */,
				74F706441CBD5F6D00D973DF /* libTesseractOCRiOS.a in Frameworks */,
			);
			runOnlyForDeploymentPostprocessing = 0;
		};
/* End PBXFrameworksBuildPhase section */

/* Begin PBXGroup section */
		00E356EF1AD99517003FC87E /* RNTesseractOCRTests */ = {
			isa = PBXGroup;
			children = (
				00E356F21AD99517003FC87E /* RNTesseractOCRTests.m */,
				00E356F01AD99517003FC87E /* Supporting Files */,
			);
			path = RNTesseractOCRTests;
			sourceTree = "<group>";
		};
		00E356F01AD99517003FC87E /* Supporting Files */ = {
			isa = PBXGroup;
			children = (
				00E356F11AD99517003FC87E /* Info.plist */,
			);
			name = "Supporting Files";
			sourceTree = "<group>";
		};
		13B07FAE1A68108700A75B9A /* RNTesseractOCR */ = {
			isa = PBXGroup;
			children = (
				741D46E01CBD98F700F69AB8 /* image_sample.png */,
				741D46DE1CBD980600F69AB8 /* image_sample.png */,
				741D46DC1CBD96F700F69AB8 /* image_sample.jpg */,
				008F07F21AC5B25A0029DE68 /* main.jsbundle */,
				13B07FAF1A68108700A75B9A /* AppDelegate.h */,
				13B07FB01A68108700A75B9A /* AppDelegate.m */,
				13B07FB51A68108700A75B9A /* Images.xcassets */,
				741B33321CBD507E00856AD4 /* tessdata */,
				13B07FB61A68108700A75B9A /* Info.plist */,
				13B07FB11A68108700A75B9A /* LaunchScreen.xib */,
				13B07FB71A68108700A75B9A /* main.m */,
			);
			name = RNTesseractOCR;
			sourceTree = "<group>";
		};
		6F12CBDF111AC543E0981ABC /* Pods */ = {
			isa = PBXGroup;
			children = (
				57BE0C7437531C7805FD9DA2 /* Pods.debug.xcconfig */,
				2CFB21B1EBFDBD33965B4332 /* Pods.release.xcconfig */,
			);
			name = Pods;
			sourceTree = "<group>";
		};
		832341AE1AAA6A7D00B99B32 /* Libraries */ = {
			isa = PBXGroup;
			children = (
			);
			name = Libraries;
			sourceTree = "<group>";
		};
		83CBB9F61A601CBA00E9B192 = {
			isa = PBXGroup;
			children = (
				13B07FAE1A68108700A75B9A /* RNTesseractOCR */,
				832341AE1AAA6A7D00B99B32 /* Libraries */,
				00E356EF1AD99517003FC87E /* RNTesseractOCRTests */,
				83CBBA001A601CBA00E9B192 /* Products */,
				6F12CBDF111AC543E0981ABC /* Pods */,
				8B3A83E08DE80195A1C29B59 /* Frameworks */,
			);
			indentWidth = 2;
			sourceTree = "<group>";
			tabWidth = 2;
		};
		83CBBA001A601CBA00E9B192 /* Products */ = {
			isa = PBXGroup;
			children = (
				13B07F961A680F5B00A75B9A /* RNTesseractOCR.app */,
				00E356EE1AD99517003FC87E /* RNTesseractOCRTests.xctest */,
			);
			name = Products;
			sourceTree = "<group>";
		};
		8B3A83E08DE80195A1C29B59 /* Frameworks */ = {
			isa = PBXGroup;
			children = (
				74F706391CBD5F6D00D973DF /* libPods.a */,
				74F7063A1CBD5F6D00D973DF /* libPods-RNTesseractOCR.a */,
				74F7063B1CBD5F6D00D973DF /* libPods-RNTesseractOCRTests.a */,
				74F7063C1CBD5F6D00D973DF /* libReact.a */,
				74F7063D1CBD5F6D00D973DF /* libreact-native-tesseract-ocr.a */,
				74F7063E1CBD5F6D00D973DF /* libTesseractOCRiOS.a */,
				74808F491CBD4EF800AA8D7C /* libz.1.dylib */,
				86930004EA2D7EF52F3950C2 /* libPods.a */,
			);
			name = Frameworks;
			sourceTree = "<group>";
		};
/* End PBXGroup section */

/* Begin PBXNativeTarget section */
		00E356ED1AD99517003FC87E /* RNTesseractOCRTests */ = {
			isa = PBXNativeTarget;
			buildConfigurationList = 00E357021AD99517003FC87E /* Build configuration list for PBXNativeTarget "RNTesseractOCRTests" */;
			buildPhases = (
				00E356EA1AD99517003FC87E /* Sources */,
				00E356EB1AD99517003FC87E /* Frameworks */,
				00E356EC1AD99517003FC87E /* Resources */,
			);
			buildRules = (
			);
			dependencies = (
				00E356F51AD99517003FC87E /* PBXTargetDependency */,
			);
			name = RNTesseractOCRTests;
			productName = RNTesseractOCRTests;
			productReference = 00E356EE1AD99517003FC87E /* RNTesseractOCRTests.xctest */;
			productType = "com.apple.product-type.bundle.unit-test";
		};
		13B07F861A680F5B00A75B9A /* RNTesseractOCR */ = {
			isa = PBXNativeTarget;
			buildConfigurationList = 13B07F931A680F5B00A75B9A /* Build configuration list for PBXNativeTarget "RNTesseractOCR" */;
			buildPhases = (
				C992668EFF264FE187AE30F2 /* Check Pods Manifest.lock */,
				13B07F871A680F5B00A75B9A /* Sources */,
				13B07F8C1A680F5B00A75B9A /* Frameworks */,
				13B07F8E1A680F5B00A75B9A /* Resources */,
				00DD1BFF1BD5951E006B06BC /* Bundle React Native code and images */,
				E3D9A3F86A2016979410A747 /* Embed Pods Frameworks */,
				A0CCC5E69490121566C3F752 /* Copy Pods Resources */,
			);
			buildRules = (
			);
			dependencies = (
			);
			name = RNTesseractOCR;
			productName = "Hello World";
			productReference = 13B07F961A680F5B00A75B9A /* RNTesseractOCR.app */;
			productType = "com.apple.product-type.application";
		};
/* End PBXNativeTarget section */

/* Begin PBXProject section */
		83CBB9F71A601CBA00E9B192 /* Project object */ = {
			isa = PBXProject;
			attributes = {
				LastUpgradeCheck = 0610;
				ORGANIZATIONNAME = Facebook;
				TargetAttributes = {
					00E356ED1AD99517003FC87E = {
						CreatedOnToolsVersion = 6.2;
						TestTargetID = 13B07F861A680F5B00A75B9A;
					};
				};
			};
			buildConfigurationList = 83CBB9FA1A601CBA00E9B192 /* Build configuration list for PBXProject "RNTesseractOCR" */;
			compatibilityVersion = "Xcode 3.2";
			developmentRegion = English;
			hasScannedForEncodings = 0;
			knownRegions = (
				en,
				Base,
			);
			mainGroup = 83CBB9F61A601CBA00E9B192;
			productRefGroup = 83CBBA001A601CBA00E9B192 /* Products */;
			projectDirPath = "";
			projectRoot = "";
			targets = (
				13B07F861A680F5B00A75B9A /* RNTesseractOCR */,
				00E356ED1AD99517003FC87E /* RNTesseractOCRTests */,
			);
		};
/* End PBXProject section */

/* Begin PBXResourcesBuildPhase section */
		00E356EC1AD99517003FC87E /* Resources */ = {
			isa = PBXResourcesBuildPhase;
			buildActionMask = 2147483647;
			files = (
			);
			runOnlyForDeploymentPostprocessing = 0;
		};
		13B07F8E1A680F5B00A75B9A /* Resources */ = {
			isa = PBXResourcesBuildPhase;
			buildActionMask = 2147483647;
			files = (
				13B07FBF1A68108700A75B9A /* Images.xcassets in Resources */,
				741D46DF1CBD980600F69AB8 /* image_sample.png in Resources */,
				741B33331CBD507E00856AD4 /* tessdata in Resources */,
				13B07FBD1A68108700A75B9A /* LaunchScreen.xib in Resources */,
				741D46DD1CBD96F700F69AB8 /* image_sample.jpg in Resources */,
				741D46E11CBD98F700F69AB8 /* image_sample.png in Resources */,
			);
			runOnlyForDeploymentPostprocessing = 0;
		};
/* End PBXResourcesBuildPhase section */

/* Begin PBXShellScriptBuildPhase section */
		00DD1BFF1BD5951E006B06BC /* Bundle React Native code and images */ = {
			isa = PBXShellScriptBuildPhase;
			buildActionMask = 2147483647;
			files = (
			);
			inputPaths = (
			);
			name = "Bundle React Native code and images";
			outputPaths = (
			);
			runOnlyForDeploymentPostprocessing = 0;
			shellPath = /bin/sh;
			shellScript = "export NODE_BINARY=node\n../node_modules/react-native/packager/react-native-xcode.sh";
		};
		A0CCC5E69490121566C3F752 /* Copy Pods Resources */ = {
			isa = PBXShellScriptBuildPhase;
			buildActionMask = 2147483647;
			files = (
			);
			inputPaths = (
			);
			name = "Copy Pods Resources";
			outputPaths = (
			);
			runOnlyForDeploymentPostprocessing = 0;
			shellPath = /bin/sh;
			shellScript = "\"${SRCROOT}/Pods/Target Support Files/Pods/Pods-resources.sh\"\n";
			showEnvVarsInLog = 0;
		};
		C992668EFF264FE187AE30F2 /* Check Pods Manifest.lock */ = {
			isa = PBXShellScriptBuildPhase;
			buildActionMask = 2147483647;
			files = (
			);
			inputPaths = (
			);
			name = "Check Pods Manifest.lock";
			outputPaths = (
			);
			runOnlyForDeploymentPostprocessing = 0;
			shellPath = /bin/sh;
			shellScript = "diff \"${PODS_ROOT}/../Podfile.lock\" \"${PODS_ROOT}/Manifest.lock\" > /dev/null\nif [[ $? != 0 ]] ; then\n    cat << EOM\nerror: The sandbox is not in sync with the Podfile.lock. Run 'pod install' or update your CocoaPods installation.\nEOM\n    exit 1\nfi\n";
			showEnvVarsInLog = 0;
		};
		E3D9A3F86A2016979410A747 /* Embed Pods Frameworks */ = {
			isa = PBXShellScriptBuildPhase;
			buildActionMask = 2147483647;
			files = (
			);
			inputPaths = (
			);
			name = "Embed Pods Frameworks";
			outputPaths = (
			);
			runOnlyForDeploymentPostprocessing = 0;
			shellPath = /bin/sh;
			shellScript = "\"${SRCROOT}/Pods/Target Support Files/Pods/Pods-frameworks.sh\"\n";
			showEnvVarsInLog = 0;
		};
/* End PBXShellScriptBuildPhase section */

/* Begin PBXSourcesBuildPhase section */
		00E356EA1AD99517003FC87E /* Sources */ = {
			isa = PBXSourcesBuildPhase;
			buildActionMask = 2147483647;
			files = (
				00E356F31AD99517003FC87E /* RNTesseractOCRTests.m in Sources */,
			);
			runOnlyForDeploymentPostprocessing = 0;
		};
		13B07F871A680F5B00A75B9A /* Sources */ = {
			isa = PBXSourcesBuildPhase;
			buildActionMask = 2147483647;
			files = (
				13B07FBC1A68108700A75B9A /* AppDelegate.m in Sources */,
				13B07FC11A68108700A75B9A /* main.m in Sources */,
			);
			runOnlyForDeploymentPostprocessing = 0;
		};
/* End PBXSourcesBuildPhase section */

/* Begin PBXTargetDependency section */
		00E356F51AD99517003FC87E /* PBXTargetDependency */ = {
			isa = PBXTargetDependency;
			target = 13B07F861A680F5B00A75B9A /* RNTesseractOCR */;
			targetProxy = 00E356F41AD99517003FC87E /* PBXContainerItemProxy */;
		};
/* End PBXTargetDependency section */

/* Begin PBXVariantGroup section */
		13B07FB11A68108700A75B9A /* LaunchScreen.xib */ = {
			isa = PBXVariantGroup;
			children = (
				13B07FB21A68108700A75B9A /* Base */,
			);
			name = LaunchScreen.xib;
			path = RNTesseractOCR;
			sourceTree = "<group>";
		};
/* End PBXVariantGroup section */

/* Begin XCBuildConfiguration section */
		00E356F61AD99517003FC87E /* Debug */ = {
			isa = XCBuildConfiguration;
			buildSettings = {
				BUNDLE_LOADER = "$(TEST_HOST)";
				FRAMEWORK_SEARCH_PATHS = (
					"$(SDKROOT)/Developer/Library/Frameworks",
					"$(inherited)",
				);
				GCC_PREPROCESSOR_DEFINITIONS = (
					"DEBUG=1",
					"$(inherited)",
				);
				INFOPLIST_FILE = RNTesseractOCRTests/Info.plist;
				IPHONEOS_DEPLOYMENT_TARGET = 8.2;
				LD_RUNPATH_SEARCH_PATHS = "$(inherited) @executable_path/Frameworks @loader_path/Frameworks";
				PRODUCT_NAME = "$(TARGET_NAME)";
				TEST_HOST = "$(BUILT_PRODUCTS_DIR)/RNTesseractOCR.app/RNTesseractOCR";
			};
			name = Debug;
		};
		00E356F71AD99517003FC87E /* Release */ = {
			isa = XCBuildConfiguration;
			buildSettings = {
				BUNDLE_LOADER = "$(TEST_HOST)";
				COPY_PHASE_STRIP = NO;
				FRAMEWORK_SEARCH_PATHS = (
					"$(SDKROOT)/Developer/Library/Frameworks",
					"$(inherited)",
				);
				INFOPLIST_FILE = RNTesseractOCRTests/Info.plist;
				IPHONEOS_DEPLOYMENT_TARGET = 8.2;
				LD_RUNPATH_SEARCH_PATHS = "$(inherited) @executable_path/Frameworks @loader_path/Frameworks";
				PRODUCT_NAME = "$(TARGET_NAME)";
				TEST_HOST = "$(BUILT_PRODUCTS_DIR)/RNTesseractOCR.app/RNTesseractOCR";
			};
			name = Release;
		};
		13B07F941A680F5B00A75B9A /* Debug */ = {
			isa = XCBuildConfiguration;
			baseConfigurationReference = 57BE0C7437531C7805FD9DA2 /* Pods.debug.xcconfig */;
			buildSettings = {
				ASSETCATALOG_COMPILER_APPICON_NAME = AppIcon;
				DEAD_CODE_STRIPPING = NO;
				HEADER_SEARCH_PATHS = (
					"$(inherited)",
					/Applications/Xcode.app/Contents/Developer/Toolchains/XcodeDefault.xctoolchain/usr/include,
					"$(SRCROOT)/../node_modules/react-native/React/**",
				);
				INFOPLIST_FILE = RNTesseractOCR/Info.plist;
				IPHONEOS_DEPLOYMENT_TARGET = 9.0;
				LD_RUNPATH_SEARCH_PATHS = "$(inherited) @executable_path/Frameworks";
				LIBRARY_SEARCH_PATHS = (
					"$(inherited)",
					"$(PROJECT_DIR)/build/Debug-iphoneos",
				);
				New_Setting = "";
				OTHER_LDFLAGS = "$(inherited)";
				PRODUCT_NAME = RNTesseractOCR;
			};
			name = Debug;
		};
		13B07F951A680F5B00A75B9A /* Release */ = {
			isa = XCBuildConfiguration;
			baseConfigurationReference = 2CFB21B1EBFDBD33965B4332 /* Pods.release.xcconfig */;
			buildSettings = {
				ASSETCATALOG_COMPILER_APPICON_NAME = AppIcon;
				HEADER_SEARCH_PATHS = (
					"$(inherited)",
					/Applications/Xcode.app/Contents/Developer/Toolchains/XcodeDefault.xctoolchain/usr/include,
					"$(SRCROOT)/../node_modules/react-native/React/**",
				);
				INFOPLIST_FILE = RNTesseractOCR/Info.plist;
				IPHONEOS_DEPLOYMENT_TARGET = 9.0;
				LD_RUNPATH_SEARCH_PATHS = "$(inherited) @executable_path/Frameworks";
				LIBRARY_SEARCH_PATHS = (
					"$(inherited)",
					"$(PROJECT_DIR)/build/Debug-iphoneos",
				);
				New_Setting = "";
				OTHER_LDFLAGS = "$(inherited)";
				PRODUCT_NAME = RNTesseractOCR;
			};
			name = Release;
		};
		83CBBA201A601CBA00E9B192 /* Debug */ = {
			isa = XCBuildConfiguration;
			buildSettings = {
				ALWAYS_SEARCH_USER_PATHS = NO;
				CLANG_CXX_LANGUAGE_STANDARD = "gnu++0x";
				CLANG_CXX_LIBRARY = "libc++";
				CLANG_ENABLE_MODULES = YES;
				CLANG_ENABLE_OBJC_ARC = YES;
				CLANG_WARN_BOOL_CONVERSION = YES;
				CLANG_WARN_CONSTANT_CONVERSION = YES;
				CLANG_WARN_DIRECT_OBJC_ISA_USAGE = YES_ERROR;
				CLANG_WARN_EMPTY_BODY = YES;
				CLANG_WARN_ENUM_CONVERSION = YES;
				CLANG_WARN_INT_CONVERSION = YES;
				CLANG_WARN_OBJC_ROOT_CLASS = YES_ERROR;
				CLANG_WARN_UNREACHABLE_CODE = YES;
				CLANG_WARN__DUPLICATE_METHOD_MATCH = YES;
				"CODE_SIGN_IDENTITY[sdk=iphoneos*]" = "iPhone Developer";
				COPY_PHASE_STRIP = NO;
				ENABLE_STRICT_OBJC_MSGSEND = YES;
				GCC_C_LANGUAGE_STANDARD = gnu99;
				GCC_DYNAMIC_NO_PIC = NO;
				GCC_OPTIMIZATION_LEVEL = 0;
				GCC_PREPROCESSOR_DEFINITIONS = (
					"DEBUG=1",
					"$(inherited)",
				);
				GCC_SYMBOLS_PRIVATE_EXTERN = NO;
				GCC_WARN_64_TO_32_BIT_CONVERSION = YES;
				GCC_WARN_ABOUT_RETURN_TYPE = YES_ERROR;
				GCC_WARN_UNDECLARED_SELECTOR = YES;
				GCC_WARN_UNINITIALIZED_AUTOS = YES_AGGRESSIVE;
				GCC_WARN_UNUSED_FUNCTION = YES;
				GCC_WARN_UNUSED_VARIABLE = YES;
				HEADER_SEARCH_PATHS = (
					"$(inherited)",
					/Applications/Xcode.app/Contents/Developer/Toolchains/XcodeDefault.xctoolchain/usr/include,
					"$(SRCROOT)/../node_modules/react-native/React/**",
				);
				IPHONEOS_DEPLOYMENT_TARGET = 7.0;
				MTL_ENABLE_DEBUG_INFO = YES;
				ONLY_ACTIVE_ARCH = YES;
				SDKROOT = iphoneos;
			};
			name = Debug;
		};
		83CBBA211A601CBA00E9B192 /* Release */ = {
			isa = XCBuildConfiguration;
			buildSettings = {
				ALWAYS_SEARCH_USER_PATHS = NO;
				CLANG_CXX_LANGUAGE_STANDARD = "gnu++0x";
				CLANG_CXX_LIBRARY = "libc++";
				CLANG_ENABLE_MODULES = YES;
				CLANG_ENABLE_OBJC_ARC = YES;
				CLANG_WARN_BOOL_CONVERSION = YES;
				CLANG_WARN_CONSTANT_CONVERSION = YES;
				CLANG_WARN_DIRECT_OBJC_ISA_USAGE = YES_ERROR;
				CLANG_WARN_EMPTY_BODY = YES;
				CLANG_WARN_ENUM_CONVERSION = YES;
				CLANG_WARN_INT_CONVERSION = YES;
				CLANG_WARN_OBJC_ROOT_CLASS = YES_ERROR;
				CLANG_WARN_UNREACHABLE_CODE = YES;
				CLANG_WARN__DUPLICATE_METHOD_MATCH = YES;
				"CODE_SIGN_IDENTITY[sdk=iphoneos*]" = "iPhone Developer";
				COPY_PHASE_STRIP = YES;
				ENABLE_NS_ASSERTIONS = NO;
				ENABLE_STRICT_OBJC_MSGSEND = YES;
				GCC_C_LANGUAGE_STANDARD = gnu99;
				GCC_WARN_64_TO_32_BIT_CONVERSION = YES;
				GCC_WARN_ABOUT_RETURN_TYPE = YES_ERROR;
				GCC_WARN_UNDECLARED_SELECTOR = YES;
				GCC_WARN_UNINITIALIZED_AUTOS = YES_AGGRESSIVE;
				GCC_WARN_UNUSED_FUNCTION = YES;
				GCC_WARN_UNUSED_VARIABLE = YES;
				HEADER_SEARCH_PATHS = (
					"$(inherited)",
					/Applications/Xcode.app/Contents/Developer/Toolchains/XcodeDefault.xctoolchain/usr/include,
					"$(SRCROOT)/../node_modules/react-native/React/**",
				);
				IPHONEOS_DEPLOYMENT_TARGET = 7.0;
				MTL_ENABLE_DEBUG_INFO = NO;
				SDKROOT = iphoneos;
				VALIDATE_PRODUCT = YES;
			};
			name = Release;
		};
/* End XCBuildConfiguration section */

/* Begin XCConfigurationList section */
		00E357021AD99517003FC87E /* Build configuration list for PBXNativeTarget "RNTesseractOCRTests" */ = {
			isa = XCConfigurationList;
			buildConfigurations = (
				00E356F61AD99517003FC87E /* Debug */,
				00E356F71AD99517003FC87E /* Release */,
			);
			defaultConfigurationIsVisible = 0;
			defaultConfigurationName = Release;
		};
		13B07F931A680F5B00A75B9A /* Build configuration list for PBXNativeTarget "RNTesseractOCR" */ = {
			isa = XCConfigurationList;
			buildConfigurations = (
				13B07F941A680F5B00A75B9A /* Debug */,
				13B07F951A680F5B00A75B9A /* Release */,
			);
			defaultConfigurationIsVisible = 0;
			defaultConfigurationName = Release;
		};
		83CBB9FA1A601CBA00E9B192 /* Build configuration list for PBXProject "RNTesseractOCR" */ = {
			isa = XCConfigurationList;
			buildConfigurations = (
				83CBBA201A601CBA00E9B192 /* Debug */,
				83CBBA211A601CBA00E9B192 /* Release */,
			);
			defaultConfigurationIsVisible = 0;
			defaultConfigurationName = Release;
		};
/* End XCConfigurationList section */
	};
	rootObject = 83CBB9F71A601CBA00E9B192 /* Project object */;
}
